
Microsoft Visual Studio Solution File, Format Version 12.00
# Visual Studio Version 16
VisualStudioVersion = 16.0.32510.428
MinimumVisualStudioVersion = 10.0.40219.1
Project("{FAE04EC0-301F-11D3-BF4B-00C04F79EFBC}") = "Ejercicios01", "Ejercicios01\Ejercicios01.csproj", "{4ED7FFBF-3EEE-4A51-9501-64902557020F}"
EndProject
Project("{FAE04EC0-301F-11D3-BF4B-00C04F79EFBC}") = "SumadeNumeros", "SumadeNumeros\SumadeNumeros.csproj", "{B82AF125-2798-49C7-AC3A-6A3C5E47D374}"
EndProject
Project("{FAE04EC0-301F-11D3-BF4B-00C04F79EFBC}") = "ConsoleApp1", "ConsoleApp1\ConsoleApp1.csproj", "{72C45AEF-FB71-4491-8A9B-AF282537675A}"
EndProject
Global
	GlobalSection(SolutionConfigurationPlatforms) = preSolution
		Debug|Any CPU = Debug|Any CPU
		Release|Any CPU = Release|Any CPU
	EndGlobalSection
	GlobalSection(ProjectConfigurationPlatforms) = postSolution
		{4ED7FFBF-3EEE-4A51-9501-64902557020F}.Debug|Any CPU.ActiveCfg = Debug|Any CPU
		{4ED7FFBF-3EEE-4A51-9501-64902557020F}.Debug|Any CPU.Build.0 = Debug|Any CPU
		{4ED7FFBF-3EEE-4A51-9501-64902557020F}.Release|Any CPU.ActiveCfg = Release|Any CPU
		{4ED7FFBF-3EEE-4A51-9501-64902557020F}.Release|Any CPU.Build.0 = Release|Any CPU
		{B82AF125-2798-49C7-AC3A-6A3C5E47D374}.Debug|Any CPU.ActiveCfg = Debug|Any CPU
		{B82AF125-2798-49C7-AC3A-6A3C5E47D374}.Debug|Any CPU.Build.0 = Debug|Any CPU
		{B82AF125-2798-49C7-AC3A-6A3C5E47D374}.Release|Any CPU.ActiveCfg = Release|Any CPU
		{B82AF125-2798-49C7-AC3A-6A3C5E47D374}.Release|Any CPU.Build.0 = Release|Any CPU
		{72C45AEF-FB71-4491-8A9B-AF282537675A}.Debug|Any CPU.ActiveCfg = Debug|Any CPU
		{72C45AEF-FB71-4491-8A9B-AF282537675A}.Debug|Any CPU.Build.0 = Debug|Any CPU
		{72C45AEF-FB71-4491-8A9B-AF282537675A}.Release|Any CPU.ActiveCfg = Release|Any CPU
		{72C45AEF-FB71-4491-8A9B-AF282537675A}.Release|Any CPU.Build.0 = Release|Any CPU
	EndGlobalSection
	GlobalSection(SolutionProperties) = preSolution
		HideSolutionNode = FALSE
	EndGlobalSection
	GlobalSection(ExtensibilityGlobals) = postSolution
		SolutionGuid = {D0828020-DC42-4063-915B-04F9D85783F9}
	EndGlobalSection
EndGlobal
